
Microsoft Visual Studio Solution File, Format Version 12.00
# Visual Studio Version 16
VisualStudioVersion = 16.0.29806.167
MinimumVisualStudioVersion = 10.0.40219.1
Project("{8BC9CEB8-8B4A-11D0-8D11-00A0C91BC942}") = "Labs(SRM)", "Labs(SRM)\Labs(SRM).vcxproj", "{8F8F1D37-4B78-4DFD-A5CF-B40AF18431DF}"
EndProject
Project("{8BC9CEB8-8B4A-11D0-8D11-00A0C91BC942}") = "1", "1\1.vcxproj", "{BDDAC5CF-9823-49DF-AD60-68A868EB2303}"
EndProject
Project("{8BC9CEB8-8B4A-11D0-8D11-00A0C91BC942}") = "3", "3\3.vcxproj", "{F5257BFD-A1C4-487A-96DC-F9B86B47AF5B}"
EndProject
Project("{888888A0-9F3D-457C-B088-3A5042F75D52}") = "3(python)", "3(python)\3(python).pyproj", "{1C233840-269D-4086-B067-480068FA993B}"
EndProject
Project("{8BC9CEB8-8B4A-11D0-8D11-00A0C91BC942}") = "3.1", "3.1\3.1.vcxproj", "{5F7D639A-4005-47AE-9DEC-81D169D2CDB0}"
EndProject
Project("{888888A0-9F3D-457C-B088-3A5042F75D52}") = "4(python)", "4\4(python).pyproj", "{02A759E2-B07D-484C-BCAD-6948FEF8EECB}"
EndProject
Project("{9A19103F-16F7-4668-BE54-9A1E7A4F7556}") = "4(sharp)", "4(sharp)\4(sharp).csproj", "{F4768E25-8698-41EF-A8C9-FF868758DE88}"
EndProject
Project("{8BC9CEB8-8B4A-11D0-8D11-00A0C91BC942}") = "4(++)", "4(++)\4(++).vcxproj", "{0F60B28F-07BE-4243-89C2-0359C3A8CD64}"
EndProject
Project("{888888A0-9F3D-457C-B088-3A5042F75D52}") = "7(python)", "7(python)\7(python).pyproj", "{D4A0ECEB-0458-48AD-9A20-8CA3E4B196C5}"
EndProject
Project("{888888A0-9F3D-457C-B088-3A5042F75D52}") = "6", "6\6.pyproj", "{63BB7999-5FE7-4637-9EFC-DBB45D6C0315}"
EndProject
Project("{888888A0-9F3D-457C-B088-3A5042F75D52}") = "5", "5\5.pyproj", "{CF6AB899-D790-4375-AED4-34002A74E406}"
EndProject
Project("{888888A0-9F3D-457C-B088-3A5042F75D52}") = "tmp", "tmp\tmp.pyproj", "{7F364833-3D94-4E34-B017-17AF3A449690}"
EndProject
Project("{8BC9CEB8-8B4A-11D0-8D11-00A0C91BC942}") = "5(++)", "5(++)\5(++).vcxproj", "{B46F4DA3-00BE-444C-8414-BBE7B70EFBC9}"
EndProject
Project("{9A19103F-16F7-4668-BE54-9A1E7A4F7556}") = "5(sharp)", "5(sharp)\5(sharp).csproj", "{FF513BC4-10CC-4585-9C89-A49753C5CE7B}"
EndProject
Project("{888888A0-9F3D-457C-B088-3A5042F75D52}") = "8", "8\8.pyproj", "{579CD50E-4FC4-4C30-8237-6345677CCB39}"
EndProject
Project("{8BC9CEB8-8B4A-11D0-8D11-00A0C91BC942}") = "8(++)", "8(++)\8(++).vcxproj", "{2C26B0EB-237C-4E28-B737-865C7A59600C}"
EndProject
Global
	GlobalSection(SolutionConfigurationPlatforms) = preSolution
		Debug|Any CPU = Debug|Any CPU
		Debug|x64 = Debug|x64
		Debug|x86 = Debug|x86
		Release|Any CPU = Release|Any CPU
		Release|x64 = Release|x64
		Release|x86 = Release|x86
	EndGlobalSection
	GlobalSection(ProjectConfigurationPlatforms) = postSolution
		{8F8F1D37-4B78-4DFD-A5CF-B40AF18431DF}.Debug|Any CPU.ActiveCfg = Debug|Win32
		{8F8F1D37-4B78-4DFD-A5CF-B40AF18431DF}.Debug|x64.ActiveCfg = Debug|x64
		{8F8F1D37-4B78-4DFD-A5CF-B40AF18431DF}.Debug|x64.Build.0 = Debug|x64
		{8F8F1D37-4B78-4DFD-A5CF-B40AF18431DF}.Debug|x86.ActiveCfg = Debug|Win32
		{8F8F1D37-4B78-4DFD-A5CF-B40AF18431DF}.Debug|x86.Build.0 = Debug|Win32
		{8F8F1D37-4B78-4DFD-A5CF-B40AF18431DF}.Release|Any CPU.ActiveCfg = Release|Win32
		{8F8F1D37-4B78-4DFD-A5CF-B40AF18431DF}.Release|x64.ActiveCfg = Release|x64
		{8F8F1D37-4B78-4DFD-A5CF-B40AF18431DF}.Release|x64.Build.0 = Release|x64
		{8F8F1D37-4B78-4DFD-A5CF-B40AF18431DF}.Release|x86.ActiveCfg = Release|Win32
		{8F8F1D37-4B78-4DFD-A5CF-B40AF18431DF}.Release|x86.Build.0 = Release|Win32
		{BDDAC5CF-9823-49DF-AD60-68A868EB2303}.Debug|Any CPU.ActiveCfg = Debug|Win32
		{BDDAC5CF-9823-49DF-AD60-68A868EB2303}.Debug|x64.ActiveCfg = Debug|x64
		{BDDAC5CF-9823-49DF-AD60-68A868EB2303}.Debug|x64.Build.0 = Debug|x64
		{BDDAC5CF-9823-49DF-AD60-68A868EB2303}.Debug|x86.ActiveCfg = Debug|Win32
		{BDDAC5CF-9823-49DF-AD60-68A868EB2303}.Debug|x86.Build.0 = Debug|Win32
		{BDDAC5CF-9823-49DF-AD60-68A868EB2303}.Release|Any CPU.ActiveCfg = Release|Win32
		{BDDAC5CF-9823-49DF-AD60-68A868EB2303}.Release|x64.ActiveCfg = Release|x64
		{BDDAC5CF-9823-49DF-AD60-68A868EB2303}.Release|x64.Build.0 = Release|x64
		{BDDAC5CF-9823-49DF-AD60-68A868EB2303}.Release|x86.ActiveCfg = Release|Win32
		{BDDAC5CF-9823-49DF-AD60-68A868EB2303}.Release|x86.Build.0 = Release|Win32
		{F5257BFD-A1C4-487A-96DC-F9B86B47AF5B}.Debug|Any CPU.ActiveCfg = Debug|Win32
		{F5257BFD-A1C4-487A-96DC-F9B86B47AF5B}.Debug|x64.ActiveCfg = Debug|x64
		{F5257BFD-A1C4-487A-96DC-F9B86B47AF5B}.Debug|x64.Build.0 = Debug|x64
		{F5257BFD-A1C4-487A-96DC-F9B86B47AF5B}.Debug|x86.ActiveCfg = Debug|Win32
		{F5257BFD-A1C4-487A-96DC-F9B86B47AF5B}.Debug|x86.Build.0 = Debug|Win32
		{F5257BFD-A1C4-487A-96DC-F9B86B47AF5B}.Release|Any CPU.ActiveCfg = Release|Win32
		{F5257BFD-A1C4-487A-96DC-F9B86B47AF5B}.Release|x64.ActiveCfg = Release|x64
		{F5257BFD-A1C4-487A-96DC-F9B86B47AF5B}.Release|x64.Build.0 = Release|x64
		{F5257BFD-A1C4-487A-96DC-F9B86B47AF5B}.Release|x86.ActiveCfg = Release|Win32
		{F5257BFD-A1C4-487A-96DC-F9B86B47AF5B}.Release|x86.Build.0 = Release|Win32
		{1C233840-269D-4086-B067-480068FA993B}.Debug|Any CPU.ActiveCfg = Debug|Any CPU
		{1C233840-269D-4086-B067-480068FA993B}.Debug|x64.ActiveCfg = Debug|Any CPU
		{1C233840-269D-4086-B067-480068FA993B}.Debug|x86.ActiveCfg = Debug|Any CPU
		{1C233840-269D-4086-B067-480068FA993B}.Release|Any CPU.ActiveCfg = Release|Any CPU
		{1C233840-269D-4086-B067-480068FA993B}.Release|x64.ActiveCfg = Release|Any CPU
		{1C233840-269D-4086-B067-480068FA993B}.Release|x86.ActiveCfg = Release|Any CPU
		{5F7D639A-4005-47AE-9DEC-81D169D2CDB0}.Debug|Any CPU.ActiveCfg = Debug|Win32
		{5F7D639A-4005-47AE-9DEC-81D169D2CDB0}.Debug|x64.ActiveCfg = Debug|x64
		{5F7D639A-4005-47AE-9DEC-81D169D2CDB0}.Debug|x64.Build.0 = Debug|x64
		{5F7D639A-4005-47AE-9DEC-81D169D2CDB0}.Debug|x86.ActiveCfg = Debug|Win32
		{5F7D639A-4005-47AE-9DEC-81D169D2CDB0}.Debug|x86.Build.0 = Debug|Win32
		{5F7D639A-4005-47AE-9DEC-81D169D2CDB0}.Release|Any CPU.ActiveCfg = Release|Win32
		{5F7D639A-4005-47AE-9DEC-81D169D2CDB0}.Release|x64.ActiveCfg = Release|x64
		{5F7D639A-4005-47AE-9DEC-81D169D2CDB0}.Release|x64.Build.0 = Release|x64
		{5F7D639A-4005-47AE-9DEC-81D169D2CDB0}.Release|x86.ActiveCfg = Release|Win32
		{5F7D639A-4005-47AE-9DEC-81D169D2CDB0}.Release|x86.Build.0 = Release|Win32
		{02A759E2-B07D-484C-BCAD-6948FEF8EECB}.Debug|Any CPU.ActiveCfg = Debug|Any CPU
		{02A759E2-B07D-484C-BCAD-6948FEF8EECB}.Debug|x64.ActiveCfg = Debug|Any CPU
		{02A759E2-B07D-484C-BCAD-6948FEF8EECB}.Debug|x86.ActiveCfg = Debug|Any CPU
		{02A759E2-B07D-484C-BCAD-6948FEF8EECB}.Release|Any CPU.ActiveCfg = Release|Any CPU
		{02A759E2-B07D-484C-BCAD-6948FEF8EECB}.Release|x64.ActiveCfg = Release|Any CPU
		{02A759E2-B07D-484C-BCAD-6948FEF8EECB}.Release|x86.ActiveCfg = Release|Any CPU
		{F4768E25-8698-41EF-A8C9-FF868758DE88}.Debug|Any CPU.ActiveCfg = Debug|Any CPU
		{F4768E25-8698-41EF-A8C9-FF868758DE88}.Debug|Any CPU.Build.0 = Debug|Any CPU
		{F4768E25-8698-41EF-A8C9-FF868758DE88}.Debug|x64.ActiveCfg = Debug|Any CPU
		{F4768E25-8698-41EF-A8C9-FF868758DE88}.Debug|x64.Build.0 = Debug|Any CPU
		{F4768E25-8698-41EF-A8C9-FF868758DE88}.Debug|x86.ActiveCfg = Debug|Any CPU
		{F4768E25-8698-41EF-A8C9-FF868758DE88}.Debug|x86.Build.0 = Debug|Any CPU
		{F4768E25-8698-41EF-A8C9-FF868758DE88}.Release|Any CPU.ActiveCfg = Release|Any CPU
		{F4768E25-8698-41EF-A8C9-FF868758DE88}.Release|Any CPU.Build.0 = Release|Any CPU
		{F4768E25-8698-41EF-A8C9-FF868758DE88}.Release|x64.ActiveCfg = Release|Any CPU
		{F4768E25-8698-41EF-A8C9-FF868758DE88}.Release|x64.Build.0 = Release|Any CPU
		{F4768E25-8698-41EF-A8C9-FF868758DE88}.Release|x86.ActiveCfg = Release|Any CPU
		{F4768E25-8698-41EF-A8C9-FF868758DE88}.Release|x86.Build.0 = Release|Any CPU
		{0F60B28F-07BE-4243-89C2-0359C3A8CD64}.Debug|Any CPU.ActiveCfg = Debug|Win32
		{0F60B28F-07BE-4243-89C2-0359C3A8CD64}.Debug|x64.ActiveCfg = Debug|x64
		{0F60B28F-07BE-4243-89C2-0359C3A8CD64}.Debug|x64.Build.0 = Debug|x64
		{0F60B28F-07BE-4243-89C2-0359C3A8CD64}.Debug|x86.ActiveCfg = Debug|Win32
		{0F60B28F-07BE-4243-89C2-0359C3A8CD64}.Debug|x86.Build.0 = Debug|Win32
		{0F60B28F-07BE-4243-89C2-0359C3A8CD64}.Release|Any CPU.ActiveCfg = Release|Win32
		{0F60B28F-07BE-4243-89C2-0359C3A8CD64}.Release|x64.ActiveCfg = Release|x64
		{0F60B28F-07BE-4243-89C2-0359C3A8CD64}.Release|x64.Build.0 = Release|x64
		{0F60B28F-07BE-4243-89C2-0359C3A8CD64}.Release|x86.ActiveCfg = Release|Win32
		{0F60B28F-07BE-4243-89C2-0359C3A8CD64}.Release|x86.Build.0 = Release|Win32
		{D4A0ECEB-0458-48AD-9A20-8CA3E4B196C5}.Debug|Any CPU.ActiveCfg = Debug|Any CPU
		{D4A0ECEB-0458-48AD-9A20-8CA3E4B196C5}.Debug|x64.ActiveCfg = Debug|Any CPU
		{D4A0ECEB-0458-48AD-9A20-8CA3E4B196C5}.Debug|x86.ActiveCfg = Debug|Any CPU
		{D4A0ECEB-0458-48AD-9A20-8CA3E4B196C5}.Release|Any CPU.ActiveCfg = Release|Any CPU
		{D4A0ECEB-0458-48AD-9A20-8CA3E4B196C5}.Release|x64.ActiveCfg = Release|Any CPU
		{D4A0ECEB-0458-48AD-9A20-8CA3E4B196C5}.Release|x86.ActiveCfg = Release|Any CPU
		{63BB7999-5FE7-4637-9EFC-DBB45D6C0315}.Debug|Any CPU.ActiveCfg = Debug|Any CPU
		{63BB7999-5FE7-4637-9EFC-DBB45D6C0315}.Debug|x64.ActiveCfg = Debug|Any CPU
		{63BB7999-5FE7-4637-9EFC-DBB45D6C0315}.Debug|x86.ActiveCfg = Debug|Any CPU
		{63BB7999-5FE7-4637-9EFC-DBB45D6C0315}.Release|Any CPU.ActiveCfg = Release|Any CPU
		{63BB7999-5FE7-4637-9EFC-DBB45D6C0315}.Release|x64.ActiveCfg = Release|Any CPU
		{63BB7999-5FE7-4637-9EFC-DBB45D6C0315}.Release|x86.ActiveCfg = Release|Any CPU
		{CF6AB899-D790-4375-AED4-34002A74E406}.Debug|Any CPU.ActiveCfg = Debug|Any CPU
		{CF6AB899-D790-4375-AED4-34002A74E406}.Debug|x64.ActiveCfg = Debug|Any CPU
		{CF6AB899-D790-4375-AED4-34002A74E406}.Debug|x86.ActiveCfg = Debug|Any CPU
		{CF6AB899-D790-4375-AED4-34002A74E406}.Release|Any CPU.ActiveCfg = Release|Any CPU
		{CF6AB899-D790-4375-AED4-34002A74E406}.Release|x64.ActiveCfg = Release|Any CPU
		{CF6AB899-D790-4375-AED4-34002A74E406}.Release|x86.ActiveCfg = Release|Any CPU
		{7F364833-3D94-4E34-B017-17AF3A449690}.Debug|Any CPU.ActiveCfg = Debug|Any CPU
		{7F364833-3D94-4E34-B017-17AF3A449690}.Debug|x64.ActiveCfg = Debug|Any CPU
		{7F364833-3D94-4E34-B017-17AF3A449690}.Debug|x86.ActiveCfg = Debug|Any CPU
		{7F364833-3D94-4E34-B017-17AF3A449690}.Release|Any CPU.ActiveCfg = Release|Any CPU
		{7F364833-3D94-4E34-B017-17AF3A449690}.Release|x64.ActiveCfg = Release|Any CPU
		{7F364833-3D94-4E34-B017-17AF3A449690}.Release|x86.ActiveCfg = Release|Any CPU
		{B46F4DA3-00BE-444C-8414-BBE7B70EFBC9}.Debug|Any CPU.ActiveCfg = Debug|Win32
		{B46F4DA3-00BE-444C-8414-BBE7B70EFBC9}.Debug|x64.ActiveCfg = Debug|x64
		{B46F4DA3-00BE-444C-8414-BBE7B70EFBC9}.Debug|x64.Build.0 = Debug|x64
		{B46F4DA3-00BE-444C-8414-BBE7B70EFBC9}.Debug|x86.ActiveCfg = Debug|Win32
		{B46F4DA3-00BE-444C-8414-BBE7B70EFBC9}.Debug|x86.Build.0 = Debug|Win32
		{B46F4DA3-00BE-444C-8414-BBE7B70EFBC9}.Release|Any CPU.ActiveCfg = Release|Win32
		{B46F4DA3-00BE-444C-8414-BBE7B70EFBC9}.Release|x64.ActiveCfg = Release|x64
		{B46F4DA3-00BE-444C-8414-BBE7B70EFBC9}.Release|x64.Build.0 = Release|x64
		{B46F4DA3-00BE-444C-8414-BBE7B70EFBC9}.Release|x86.ActiveCfg = Release|Win32
		{B46F4DA3-00BE-444C-8414-BBE7B70EFBC9}.Release|x86.Build.0 = Release|Win32
		{FF513BC4-10CC-4585-9C89-A49753C5CE7B}.Debug|Any CPU.ActiveCfg = Debug|Any CPU
		{FF513BC4-10CC-4585-9C89-A49753C5CE7B}.Debug|Any CPU.Build.0 = Debug|Any CPU
		{FF513BC4-10CC-4585-9C89-A49753C5CE7B}.Debug|x64.ActiveCfg = Debug|Any CPU
		{FF513BC4-10CC-4585-9C89-A49753C5CE7B}.Debug|x64.Build.0 = Debug|Any CPU
		{FF513BC4-10CC-4585-9C89-A49753C5CE7B}.Debug|x86.ActiveCfg = Debug|Any CPU
		{FF513BC4-10CC-4585-9C89-A49753C5CE7B}.Debug|x86.Build.0 = Debug|Any CPU
		{FF513BC4-10CC-4585-9C89-A49753C5CE7B}.Release|Any CPU.ActiveCfg = Release|Any CPU
		{FF513BC4-10CC-4585-9C89-A49753C5CE7B}.Release|Any CPU.Build.0 = Release|Any CPU
		{FF513BC4-10CC-4585-9C89-A49753C5CE7B}.Release|x64.ActiveCfg = Release|Any CPU
		{FF513BC4-10CC-4585-9C89-A49753C5CE7B}.Release|x64.Build.0 = Release|Any CPU
		{FF513BC4-10CC-4585-9C89-A49753C5CE7B}.Release|x86.ActiveCfg = Release|Any CPU
		{FF513BC4-10CC-4585-9C89-A49753C5CE7B}.Release|x86.Build.0 = Release|Any CPU
		{579CD50E-4FC4-4C30-8237-6345677CCB39}.Debug|Any CPU.ActiveCfg = Debug|Any CPU
		{579CD50E-4FC4-4C30-8237-6345677CCB39}.Debug|x64.ActiveCfg = Debug|Any CPU
		{579CD50E-4FC4-4C30-8237-6345677CCB39}.Debug|x86.ActiveCfg = Debug|Any CPU
		{579CD50E-4FC4-4C30-8237-6345677CCB39}.Release|Any CPU.ActiveCfg = Release|Any CPU
		{579CD50E-4FC4-4C30-8237-6345677CCB39}.Release|x64.ActiveCfg = Release|Any CPU
		{579CD50E-4FC4-4C30-8237-6345677CCB39}.Release|x86.ActiveCfg = Release|Any CPU
		{2C26B0EB-237C-4E28-B737-865C7A59600C}.Debug|Any CPU.ActiveCfg = Debug|Win32
		{2C26B0EB-237C-4E28-B737-865C7A59600C}.Debug|x64.ActiveCfg = Debug|x64
		{2C26B0EB-237C-4E28-B737-865C7A59600C}.Debug|x64.Build.0 = Debug|x64
		{2C26B0EB-237C-4E28-B737-865C7A59600C}.Debug|x86.ActiveCfg = Debug|Win32
		{2C26B0EB-237C-4E28-B737-865C7A59600C}.Debug|x86.Build.0 = Debug|Win32
		{2C26B0EB-237C-4E28-B737-865C7A59600C}.Release|Any CPU.ActiveCfg = Release|Win32
		{2C26B0EB-237C-4E28-B737-865C7A59600C}.Release|x64.ActiveCfg = Release|x64
		{2C26B0EB-237C-4E28-B737-865C7A59600C}.Release|x64.Build.0 = Release|x64
		{2C26B0EB-237C-4E28-B737-865C7A59600C}.Release|x86.ActiveCfg = Release|Win32
		{2C26B0EB-237C-4E28-B737-865C7A59600C}.Release|x86.Build.0 = Release|Win32
	EndGlobalSection
	GlobalSection(SolutionProperties) = preSolution
		HideSolutionNode = FALSE
	EndGlobalSection
	GlobalSection(ExtensibilityGlobals) = postSolution
		SolutionGuid = {D7677C93-E308-44A9-8BCA-CA9023CCF50C}
	EndGlobalSection
EndGlobal
